
Microsoft Visual Studio Solution File, Format Version 12.00
# Visual Studio Version 16
VisualStudioVersion = 16.0.30907.101
MinimumVisualStudioVersion = 10.0.40219.1
Project("{FAE04EC0-301F-11D3-BF4B-00C04F79EFBC}") = "ProdutoEstorque", "ProdutoEstorque\ProdutoEstorque.csproj", "{6A783EC9-2952-430B-BEBB-C29A144739C1}"
EndProject
Global
	GlobalSection(SolutionConfigurationPlatforms) = preSolution
		Debug|Any CPU = Debug|Any CPU
		Release|Any CPU = Release|Any CPU
	EndGlobalSection
	GlobalSection(ProjectConfigurationPlatforms) = postSolution
		{6A783EC9-2952-430B-BEBB-C29A144739C1}.Debug|Any CPU.ActiveCfg = Debug|Any CPU
		{6A783EC9-2952-430B-BEBB-C29A144739C1}.Debug|Any CPU.Build.0 = Debug|Any CPU
		{6A783EC9-2952-430B-BEBB-C29A144739C1}.Release|Any CPU.ActiveCfg = Release|Any CPU
		{6A783EC9-2952-430B-BEBB-C29A144739C1}.Release|Any CPU.Build.0 = Release|Any CPU
	EndGlobalSection
	GlobalSection(SolutionProperties) = preSolution
		HideSolutionNode = FALSE
	EndGlobalSection
	GlobalSection(ExtensibilityGlobals) = postSolution
		SolutionGuid = {63EFBA07-BA2C-453A-9995-AB1C3FDFFC39}
	EndGlobalSection
EndGlobal
